# This file is generated by running "yarn install" inside your project.
# Manual changes might be lost - proceed with caution!

__metadata:
  version: 4

"packageA@*, packageA@workspace:packages/packageA":
  version: 0.0.0-use.local
  resolution: "packageA@workspace:packages/packageA"
  languageName: unknown
  linkType: soft

"packageB@*, packageB@workspace:packages/packageB":
  version: 0.0.0-use.local
  resolution: "packageB@workspace:packages/packageB"
  dependencies:
    packageA: "*"
  languageName: unknown
  linkType: soft

"packageC@workspace:packages/packageC":
  version: 0.0.0-use.local
  resolution: "packageC@workspace:packages/packageC"
  dependencies:
    packageB: "*"
  languageName: unknown
  linkType: soft

"yarn-build-docker@workspace:.":
  version: 0.0.0-use.local
  resolution: "yarn-build-docker@workspace:."
  languageName: unknown
  linkType: soft
